
Microsoft Visual Studio Solution File, Format Version 12.00
# Visual Studio Version 16
VisualStudioVersion = 16.0.34902.97
MinimumVisualStudioVersion = 10.0.40219.1
Project("{8BC9CEB8-8B4A-11D0-8D11-00A0C91BC942}") = "nFTDServer", "nFTDServer.vcxproj", "{511EEAC4-BE8B-487B-B9D4-5E30BE43353D}"
EndProject
Global
	GlobalSection(SolutionConfigurationPlatforms) = preSolution
		ANYSUPPORT|x64 = ANYSUPPORT|x64
		ANYSUPPORT|x86 = ANYSUPPORT|x86
		Debug|x64 = Debug|x64
		Debug|x86 = Debug|x86
		DLL-Import Debug|x64 = DLL-Import Debug|x64
		DLL-Import Debug|x86 = DLL-Import Debug|x86
		DLL-Import Release|x64 = DLL-Import Release|x64
		DLL-Import Release|x86 = DLL-Import Release|x86
		LinkEight|x64 = LinkEight|x64
		LinkEight|x86 = LinkEight|x86
		LinkVNC|x64 = LinkVNC|x64
		LinkVNC|x86 = LinkVNC|x86
		LMM_SERVICE_Debug|x64 = LMM_SERVICE_Debug|x64
		LMM_SERVICE_Debug|x86 = LMM_SERVICE_Debug|x86
		LMM_SERVICE_Release|x64 = LMM_SERVICE_Release|x64
		LMM_SERVICE_Release|x86 = LMM_SERVICE_Release|x86
		LMM_SERVICE|x64 = LMM_SERVICE|x64
		LMM_SERVICE|x86 = LMM_SERVICE|x86
		LMMSE_SERVICE_Debug|x64 = LMMSE_SERVICE_Debug|x64
		LMMSE_SERVICE_Debug|x86 = LMMSE_SERVICE_Debug|x86
		LMMSE_SERVICE_Release|x64 = LMMSE_SERVICE_Release|x64
		LMMSE_SERVICE_Release|x86 = LMMSE_SERVICE_Release|x86
		LMMSE_SERVICE|x64 = LMMSE_SERVICE|x64
		LMMSE_SERVICE|x86 = LMMSE_SERVICE|x86
		Release|x64 = Release|x64
		Release|x86 = Release|x86
	EndGlobalSection
	GlobalSection(ProjectConfigurationPlatforms) = postSolution
		{511EEAC4-BE8B-487B-B9D4-5E30BE43353D}.ANYSUPPORT|x64.ActiveCfg = Debug|x64
		{511EEAC4-BE8B-487B-B9D4-5E30BE43353D}.ANYSUPPORT|x64.Build.0 = Debug|x64
		{511EEAC4-BE8B-487B-B9D4-5E30BE43353D}.ANYSUPPORT|x86.ActiveCfg = Debug|Win32
		{511EEAC4-BE8B-487B-B9D4-5E30BE43353D}.ANYSUPPORT|x86.Build.0 = Debug|Win32
		{511EEAC4-BE8B-487B-B9D4-5E30BE43353D}.Debug|x64.ActiveCfg = Debug|x64
		{511EEAC4-BE8B-487B-B9D4-5E30BE43353D}.Debug|x64.Build.0 = Debug|x64
		{511EEAC4-BE8B-487B-B9D4-5E30BE43353D}.Debug|x86.ActiveCfg = Debug|Win32
		{511EEAC4-BE8B-487B-B9D4-5E30BE43353D}.Debug|x86.Build.0 = Debug|Win32
		{511EEAC4-BE8B-487B-B9D4-5E30BE43353D}.DLL-Import Debug|x64.ActiveCfg = Debug|x64
		{511EEAC4-BE8B-487B-B9D4-5E30BE43353D}.DLL-Import Debug|x64.Build.0 = Debug|x64
		{511EEAC4-BE8B-487B-B9D4-5E30BE43353D}.DLL-Import Debug|x86.ActiveCfg = Debug|Win32
		{511EEAC4-BE8B-487B-B9D4-5E30BE43353D}.DLL-Import Debug|x86.Build.0 = Debug|Win32
		{511EEAC4-BE8B-487B-B9D4-5E30BE43353D}.DLL-Import Release|x64.ActiveCfg = LMMSE_SERVICE_Release|x64
		{511EEAC4-BE8B-487B-B9D4-5E30BE43353D}.DLL-Import Release|x64.Build.0 = LMMSE_SERVICE_Release|x64
		{511EEAC4-BE8B-487B-B9D4-5E30BE43353D}.DLL-Import Release|x86.ActiveCfg = LMMSE_SERVICE_Release|Win32
		{511EEAC4-BE8B-487B-B9D4-5E30BE43353D}.DLL-Import Release|x86.Build.0 = LMMSE_SERVICE_Release|Win32
		{511EEAC4-BE8B-487B-B9D4-5E30BE43353D}.LinkEight|x64.ActiveCfg = Debug|x64
		{511EEAC4-BE8B-487B-B9D4-5E30BE43353D}.LinkEight|x64.Build.0 = Debug|x64
		{511EEAC4-BE8B-487B-B9D4-5E30BE43353D}.LinkEight|x86.ActiveCfg = Debug|Win32
		{511EEAC4-BE8B-487B-B9D4-5E30BE43353D}.LinkEight|x86.Build.0 = Debug|Win32
		{511EEAC4-BE8B-487B-B9D4-5E30BE43353D}.LinkVNC|x64.ActiveCfg = Debug|x64
		{511EEAC4-BE8B-487B-B9D4-5E30BE43353D}.LinkVNC|x64.Build.0 = Debug|x64
		{511EEAC4-BE8B-487B-B9D4-5E30BE43353D}.LinkVNC|x86.ActiveCfg = Debug|Win32
		{511EEAC4-BE8B-487B-B9D4-5E30BE43353D}.LinkVNC|x86.Build.0 = Debug|Win32
		{511EEAC4-BE8B-487B-B9D4-5E30BE43353D}.LMM_SERVICE_Debug|x64.ActiveCfg = LMM_SERVICE_Debug|x64
		{511EEAC4-BE8B-487B-B9D4-5E30BE43353D}.LMM_SERVICE_Debug|x64.Build.0 = LMM_SERVICE_Debug|x64
		{511EEAC4-BE8B-487B-B9D4-5E30BE43353D}.LMM_SERVICE_Debug|x86.ActiveCfg = LMM_SERVICE_Debug|Win32
		{511EEAC4-BE8B-487B-B9D4-5E30BE43353D}.LMM_SERVICE_Debug|x86.Build.0 = LMM_SERVICE_Debug|Win32
		{511EEAC4-BE8B-487B-B9D4-5E30BE43353D}.LMM_SERVICE_Release|x64.ActiveCfg = LMM_SERVICE_Release|x64
		{511EEAC4-BE8B-487B-B9D4-5E30BE43353D}.LMM_SERVICE_Release|x64.Build.0 = LMM_SERVICE_Release|x64
		{511EEAC4-BE8B-487B-B9D4-5E30BE43353D}.LMM_SERVICE_Release|x86.ActiveCfg = LMM_SERVICE_Release|Win32
		{511EEAC4-BE8B-487B-B9D4-5E30BE43353D}.LMM_SERVICE_Release|x86.Build.0 = LMM_SERVICE_Release|Win32
		{511EEAC4-BE8B-487B-B9D4-5E30BE43353D}.LMM_SERVICE|x64.ActiveCfg = Debug|x64
		{511EEAC4-BE8B-487B-B9D4-5E30BE43353D}.LMM_SERVICE|x64.Build.0 = Debug|x64
		{511EEAC4-BE8B-487B-B9D4-5E30BE43353D}.LMM_SERVICE|x86.ActiveCfg = Debug|Win32
		{511EEAC4-BE8B-487B-B9D4-5E30BE43353D}.LMM_SERVICE|x86.Build.0 = Debug|Win32
		{511EEAC4-BE8B-487B-B9D4-5E30BE43353D}.LMMSE_SERVICE_Debug|x64.ActiveCfg = LMMSE_SERVICE_Debug|x64
		{511EEAC4-BE8B-487B-B9D4-5E30BE43353D}.LMMSE_SERVICE_Debug|x64.Build.0 = LMMSE_SERVICE_Debug|x64
		{511EEAC4-BE8B-487B-B9D4-5E30BE43353D}.LMMSE_SERVICE_Debug|x86.ActiveCfg = LMMSE_SERVICE_Debug|Win32
		{511EEAC4-BE8B-487B-B9D4-5E30BE43353D}.LMMSE_SERVICE_Debug|x86.Build.0 = LMMSE_SERVICE_Debug|Win32
		{511EEAC4-BE8B-487B-B9D4-5E30BE43353D}.LMMSE_SERVICE_Release|x64.ActiveCfg = LMMSE_SERVICE_Release|x64
		{511EEAC4-BE8B-487B-B9D4-5E30BE43353D}.LMMSE_SERVICE_Release|x64.Build.0 = LMMSE_SERVICE_Release|x64
		{511EEAC4-BE8B-487B-B9D4-5E30BE43353D}.LMMSE_SERVICE_Release|x86.ActiveCfg = LMMSE_SERVICE_Release|Win32
		{511EEAC4-BE8B-487B-B9D4-5E30BE43353D}.LMMSE_SERVICE_Release|x86.Build.0 = LMMSE_SERVICE_Release|Win32
		{511EEAC4-BE8B-487B-B9D4-5E30BE43353D}.LMMSE_SERVICE|x64.ActiveCfg = Debug|x64
		{511EEAC4-BE8B-487B-B9D4-5E30BE43353D}.LMMSE_SERVICE|x64.Build.0 = Debug|x64
		{511EEAC4-BE8B-487B-B9D4-5E30BE43353D}.LMMSE_SERVICE|x86.ActiveCfg = Debug|Win32
		{511EEAC4-BE8B-487B-B9D4-5E30BE43353D}.LMMSE_SERVICE|x86.Build.0 = Debug|Win32
		{511EEAC4-BE8B-487B-B9D4-5E30BE43353D}.Release|x64.ActiveCfg = LMMSE_SERVICE_Release|x64
		{511EEAC4-BE8B-487B-B9D4-5E30BE43353D}.Release|x64.Build.0 = LMMSE_SERVICE_Release|x64
		{511EEAC4-BE8B-487B-B9D4-5E30BE43353D}.Release|x86.ActiveCfg = LMMSE_SERVICE_Release|Win32
		{511EEAC4-BE8B-487B-B9D4-5E30BE43353D}.Release|x86.Build.0 = LMMSE_SERVICE_Release|Win32
	EndGlobalSection
	GlobalSection(SolutionProperties) = preSolution
		HideSolutionNode = FALSE
	EndGlobalSection
	GlobalSection(ExtensibilityGlobals) = postSolution
		SolutionGuid = {8BBE6924-690F-473B-AE17-D9C68BF5A3CB}
	EndGlobalSection
EndGlobal
